
Microsoft Visual Studio Solution File, Format Version 12.00
# Visual Studio Version 16
VisualStudioVersion = 16.0.32802.440
MinimumVisualStudioVersion = 10.0.40219.1
Project("{FAE04EC0-301F-11D3-BF4B-00C04F79EFBC}") = "VideoShare", "VideoShare\VideoShare.csproj", "{4F1D1760-69D0-4F8E-9087-26E05A6645BA}"
EndProject
Global
	GlobalSection(SolutionConfigurationPlatforms) = preSolution
		Debug|Any CPU = Debug|Any CPU
		Release|Any CPU = Release|Any CPU
	EndGlobalSection
	GlobalSection(ProjectConfigurationPlatforms) = postSolution
		{4F1D1760-69D0-4F8E-9087-26E05A6645BA}.Debug|Any CPU.ActiveCfg = Debug|Any CPU
		{4F1D1760-69D0-4F8E-9087-26E05A6645BA}.Debug|Any CPU.Build.0 = Debug|Any CPU
		{4F1D1760-69D0-4F8E-9087-26E05A6645BA}.Release|Any CPU.ActiveCfg = Release|Any CPU
		{4F1D1760-69D0-4F8E-9087-26E05A6645BA}.Release|Any CPU.Build.0 = Release|Any CPU
	EndGlobalSection
	GlobalSection(SolutionProperties) = preSolution
		HideSolutionNode = FALSE
	EndGlobalSection
	GlobalSection(ExtensibilityGlobals) = postSolution
		SolutionGuid = {3607D56C-613C-481B-976C-4B2761984129}
	EndGlobalSection
EndGlobal
